
Microsoft Visual Studio Solution File, Format Version 12.00
# Visual Studio Version 16
VisualStudioVersion = 16.0.30804.86
MinimumVisualStudioVersion = 10.0.40219.1
Project("{FAE04EC0-301F-11D3-BF4B-00C04F79EFBC}") = "ExampleAPI", "ExampleAPI.csproj", "{65D45EE9-B4BB-412A-BB1B-DE8BA7B06D74}"
EndProject
Global
	GlobalSection(SolutionConfigurationPlatforms) = preSolution
		Debug|Any CPU = Debug|Any CPU
		Release|Any CPU = Release|Any CPU
	EndGlobalSection
	GlobalSection(ProjectConfigurationPlatforms) = postSolution
		{65D45EE9-B4BB-412A-BB1B-DE8BA7B06D74}.Debug|Any CPU.ActiveCfg = Debug|Any CPU
		{65D45EE9-B4BB-412A-BB1B-DE8BA7B06D74}.Debug|Any CPU.Build.0 = Debug|Any CPU
		{65D45EE9-B4BB-412A-BB1B-DE8BA7B06D74}.Release|Any CPU.ActiveCfg = Release|Any CPU
		{65D45EE9-B4BB-412A-BB1B-DE8BA7B06D74}.Release|Any CPU.Build.0 = Release|Any CPU
	EndGlobalSection
	GlobalSection(SolutionProperties) = preSolution
		HideSolutionNode = FALSE
	EndGlobalSection
	GlobalSection(ExtensibilityGlobals) = postSolution
		SolutionGuid = {485EF0E0-1277-4FAF-A3AD-25FA4D0C6951}
	EndGlobalSection
EndGlobal
